
Microsoft Visual Studio Solution File, Format Version 12.00
# Visual Studio Version 16
VisualStudioVersion = 16.0.30804.86
MinimumVisualStudioVersion = 10.0.40219.1
Project("{F184B08F-C81C-45F6-A57F-5ABD9991F28F}") = "EjemploGitHub1", "EjemploGitHub1\EjemploGitHub1.vbproj", "{B5119591-EBF0-460E-886F-2D52F333D9CB}"
EndProject
Global
	GlobalSection(SolutionConfigurationPlatforms) = preSolution
		Debug|Any CPU = Debug|Any CPU
		Release|Any CPU = Release|Any CPU
	EndGlobalSection
	GlobalSection(ProjectConfigurationPlatforms) = postSolution
		{B5119591-EBF0-460E-886F-2D52F333D9CB}.Debug|Any CPU.ActiveCfg = Debug|Any CPU
		{B5119591-EBF0-460E-886F-2D52F333D9CB}.Debug|Any CPU.Build.0 = Debug|Any CPU
		{B5119591-EBF0-460E-886F-2D52F333D9CB}.Release|Any CPU.ActiveCfg = Release|Any CPU
		{B5119591-EBF0-460E-886F-2D52F333D9CB}.Release|Any CPU.Build.0 = Release|Any CPU
	EndGlobalSection
	GlobalSection(SolutionProperties) = preSolution
		HideSolutionNode = FALSE
	EndGlobalSection
	GlobalSection(ExtensibilityGlobals) = postSolution
		SolutionGuid = {08A71812-4D1E-4048-9ACF-EE48D5DE8912}
	EndGlobalSection
EndGlobal
